
Microsoft Visual Studio Solution File, Format Version 12.00
# Visual Studio Version 17
VisualStudioVersion = 17.4.33205.214
MinimumVisualStudioVersion = 10.0.40219.1
Project("{FAE04EC0-301F-11D3-BF4B-00C04F79EFBC}") = "HenrymedsReservation", "HenrymedsReservation.csproj", "{C013FA00-BB01-490A-837F-D3CDABB950F0}"
EndProject
Global
	GlobalSection(SolutionConfigurationPlatforms) = preSolution
		Debug|Any CPU = Debug|Any CPU
		Release|Any CPU = Release|Any CPU
	EndGlobalSection
	GlobalSection(ProjectConfigurationPlatforms) = postSolution
		{C013FA00-BB01-490A-837F-D3CDABB950F0}.Debug|Any CPU.ActiveCfg = Debug|Any CPU
		{C013FA00-BB01-490A-837F-D3CDABB950F0}.Debug|Any CPU.Build.0 = Debug|Any CPU
		{C013FA00-BB01-490A-837F-D3CDABB950F0}.Release|Any CPU.ActiveCfg = Release|Any CPU
		{C013FA00-BB01-490A-837F-D3CDABB950F0}.Release|Any CPU.Build.0 = Release|Any CPU
	EndGlobalSection
	GlobalSection(SolutionProperties) = preSolution
		HideSolutionNode = FALSE
	EndGlobalSection
	GlobalSection(ExtensibilityGlobals) = postSolution
		SolutionGuid = {B9980B67-2202-43A3-BF8C-2ED23D809DBE}
	EndGlobalSection
EndGlobal
